
Microsoft Visual Studio Solution File, Format Version 12.00
# Visual Studio Version 17
VisualStudioVersion = 17.2.32526.322
MinimumVisualStudioVersion = 10.0.40219.1
Project("{FAE04EC0-301F-11D3-BF4B-00C04F79EFBC}") = "FibonacciKata", "FibonacciKata\FibonacciKata.csproj", "{04433A29-7FDB-4EC2-83FD-E0C8DBBDF7B8}"
EndProject
Project("{FAE04EC0-301F-11D3-BF4B-00C04F79EFBC}") = "FibonacciKataTest", "FibonacciKataTest\FibonacciKataTest.csproj", "{187BD5DA-91CC-47DB-881E-9AF05BAE841B}"
EndProject
Global
	GlobalSection(SolutionConfigurationPlatforms) = preSolution
		Debug|Any CPU = Debug|Any CPU
		Release|Any CPU = Release|Any CPU
	EndGlobalSection
	GlobalSection(ProjectConfigurationPlatforms) = postSolution
		{04433A29-7FDB-4EC2-83FD-E0C8DBBDF7B8}.Debug|Any CPU.ActiveCfg = Debug|Any CPU
		{04433A29-7FDB-4EC2-83FD-E0C8DBBDF7B8}.Debug|Any CPU.Build.0 = Debug|Any CPU
		{04433A29-7FDB-4EC2-83FD-E0C8DBBDF7B8}.Release|Any CPU.ActiveCfg = Release|Any CPU
		{04433A29-7FDB-4EC2-83FD-E0C8DBBDF7B8}.Release|Any CPU.Build.0 = Release|Any CPU
		{187BD5DA-91CC-47DB-881E-9AF05BAE841B}.Debug|Any CPU.ActiveCfg = Debug|Any CPU
		{187BD5DA-91CC-47DB-881E-9AF05BAE841B}.Debug|Any CPU.Build.0 = Debug|Any CPU
		{187BD5DA-91CC-47DB-881E-9AF05BAE841B}.Release|Any CPU.ActiveCfg = Release|Any CPU
		{187BD5DA-91CC-47DB-881E-9AF05BAE841B}.Release|Any CPU.Build.0 = Release|Any CPU
	EndGlobalSection
	GlobalSection(SolutionProperties) = preSolution
		HideSolutionNode = FALSE
	EndGlobalSection
	GlobalSection(ExtensibilityGlobals) = postSolution
		SolutionGuid = {22A57924-322F-4BAD-A8B4-D4266EB2A3A7}
	EndGlobalSection
EndGlobal
